{
  "name": "run-time-inform",
  "version": "0.0.0",
  "lockfileVersion": 1,
  "requires": true,
  "dependencies": {
    "@types/node": {
      "version": "8.10.53",
      "resolved": "https://registry.npmjs.org/@types/node/-/node-8.10.53.tgz",
      "integrity": "sha512-aOmXdv1a1/vYUn1OT1CED8ftbkmmYbKhKGSyMDeJiidLvKRKvZUQOdXwG/wcNY7T1Qb0XTlVdiYjIq00U7pLrQ==",
      "dev": true
    }
  }
}
