{
  "name": "rtcompiler",
  "version": "0.0.0",
  "lockfileVersion": 1,
  "requires": true,
  "dependencies": {
    "@types/node": {
      "version": "8.10.54",
      "resolved": "https://registry.npmjs.org/@types/node/-/node-8.10.54.tgz",
      "integrity": "sha512-kaYyLYf6ICn6/isAyD4K1MyWWd5Q3JgH6bnMN089LUx88+s4W8GvK9Q6JMBVu5vsFFp7pMdSxdKmlBXwH/VFRg==",
      "dev": true
    },
    "systemjs": {
      "version": "6.1.2",
      "resolved": "https://registry.npmjs.org/systemjs/-/systemjs-6.1.2.tgz",
      "integrity": "sha512-QN0E62xEGCjp4+Wwg5o50CgdlMkQdUkiw5rHKQNJ454iKJCsFmQjPBoCEs1xq8mM/J+eYtLkZS0JCcay/gaEFw=="
    }
  }
}
